// !$*UTF8*$!
{
	archiveVersion = 1;
	classes = {
	};
	objectVersion = 56;
	objects = {

/* Begin PBXBuildFile section */
		1D0B6DCA2BB6345F006BC12F /* TaskViewButton.swift in Sources */ = {isa = PBXBuildFile; fileRef = 1D0B6DC92BB6345F006BC12F /* TaskViewButton.swift */; };
		1D2B9C3B2BB0A1E100EF13A1 /* Task_ListApp.swift in Sources */ = {isa = PBXBuildFile; fileRef = 1D2B9C3A2BB0A1E100EF13A1 /* Task_ListApp.swift */; };
		1D2B9C3D2BB0A1E100EF13A1 /* TaskList.swift in Sources */ = {isa = PBXBuildFile; fileRef = 1D2B9C3C2BB0A1E100EF13A1 /* TaskList.swift */; };
		1D2B9C3F2BB0A1E300EF13A1 /* Assets.xcassets in Resources */ = {isa = PBXBuildFile; fileRef = 1D2B9C3E2BB0A1E300EF13A1 /* Assets.xcassets */; };
		1D2B9C422BB0A1E300EF13A1 /* Preview Assets.xcassets in Resources */ = {isa = PBXBuildFile; fileRef = 1D2B9C412BB0A1E300EF13A1 /* Preview Assets.xcassets */; };
		1D2B9C4C2BB0A1E300EF13A1 /* Task_ListTests.swift in Sources */ = {isa = PBXBuildFile; fileRef = 1D2B9C4B2BB0A1E300EF13A1 /* Task_ListTests.swift */; };
		1D2B9C562BB0A1E300EF13A1 /* Task_ListUITests.swift in Sources */ = {isa = PBXBuildFile; fileRef = 1D2B9C552BB0A1E300EF13A1 /* Task_ListUITests.swift */; };
		1D2B9C582BB0A1E300EF13A1 /* Task_ListUITestsLaunchTests.swift in Sources */ = {isa = PBXBuildFile; fileRef = 1D2B9C572BB0A1E300EF13A1 /* Task_ListUITestsLaunchTests.swift */; };
		1D521D4F2BB0BE06006EBE89 /* CompletionButton.swift in Sources */ = {isa = PBXBuildFile; fileRef = 1D521D4E2BB0BE06006EBE89 /* CompletionButton.swift */; };
		1DA8A36B2BB36D6B00BD8DA3 /* TaskView.swift in Sources */ = {isa = PBXBuildFile; fileRef = 1DA8A36A2BB36D6B00BD8DA3 /* TaskView.swift */; };
		1DA991AC2BB0A6CA0019FF1D /* Task.swift in Sources */ = {isa = PBXBuildFile; fileRef = 1DA991AB2BB0A6CA0019FF1D /* Task.swift */; };
		1DA991AE2BB0ACC20019FF1D /* TaskStore.swift in Sources */ = {isa = PBXBuildFile; fileRef = 1DA991AD2BB0ACC20019FF1D /* TaskStore.swift */; };
		1DA991B02BB0AF2D0019FF1D /* TaskRow.swift in Sources */ = {isa = PBXBuildFile; fileRef = 1DA991AF2BB0AF2D0019FF1D /* TaskRow.swift */; };
		1DBF2B192BB33E9800C15692 /* Constants.swift in Sources */ = {isa = PBXBuildFile; fileRef = 1DBF2B182BB33E9800C15692 /* Constants.swift */; };
		1DF133B72BB3574900AE65BB /* NewTaskButton.swift in Sources */ = {isa = PBXBuildFile; fileRef = 1DF133B62BB3574900AE65BB /* NewTaskButton.swift */; };
		1DF133B92BB3653900AE65BB /* AddTask.swift in Sources */ = {isa = PBXBuildFile; fileRef = 1DF133B82BB3653900AE65BB /* AddTask.swift */; };
/* End PBXBuildFile section */

/* Begin PBXContainerItemProxy section */
		1D2B9C482BB0A1E300EF13A1 /* PBXContainerItemProxy */ = {
			isa = PBXContainerItemProxy;
			containerPortal = 1D2B9C2F2BB0A1E100EF13A1 /* Project object */;
			proxyType = 1;
			remoteGlobalIDString = 1D2B9C362BB0A1E100EF13A1;
			remoteInfo = "Task List";
		};
		1D2B9C522BB0A1E300EF13A1 /* PBXContainerItemProxy */ = {
			isa = PBXContainerItemProxy;
			containerPortal = 1D2B9C2F2BB0A1E100EF13A1 /* Project object */;
			proxyType = 1;
			remoteGlobalIDString = 1D2B9C362BB0A1E100EF13A1;
			remoteInfo = "Task List";
		};
/* End PBXContainerItemProxy section */

/* Begin PBXFileReference section */
		1D0B6DC92BB6345F006BC12F /* TaskViewButton.swift */ = {isa = PBXFileReference; lastKnownFileType = sourcecode.swift; path = TaskViewButton.swift; sourceTree = "<group>"; };
		1D2B9C372BB0A1E100EF13A1 /* Task List.app */ = {isa = PBXFileReference; explicitFileType = wrapper.application; includeInIndex = 0; path = "Task List.app"; sourceTree = BUILT_PRODUCTS_DIR; };
		1D2B9C3A2BB0A1E100EF13A1 /* Task_ListApp.swift */ = {isa = PBXFileReference; lastKnownFileType = sourcecode.swift; path = Task_ListApp.swift; sourceTree = "<group>"; };
		1D2B9C3C2BB0A1E100EF13A1 /* TaskList.swift */ = {isa = PBXFileReference; lastKnownFileType = sourcecode.swift; path = TaskList.swift; sourceTree = "<group>"; };
		1D2B9C3E2BB0A1E300EF13A1 /* Assets.xcassets */ = {isa = PBXFileReference; lastKnownFileType = folder.assetcatalog; path = Assets.xcassets; sourceTree = "<group>"; };
		1D2B9C412BB0A1E300EF13A1 /* Preview Assets.xcassets */ = {isa = PBXFileReference; lastKnownFileType = folder.assetcatalog; path = "Preview Assets.xcassets"; sourceTree = "<group>"; };
		1D2B9C472BB0A1E300EF13A1 /* Task ListTests.xctest */ = {isa = PBXFileReference; explicitFileType = wrapper.cfbundle; includeInIndex = 0; path = "Task ListTests.xctest"; sourceTree = BUILT_PRODUCTS_DIR; };
		1D2B9C4B2BB0A1E300EF13A1 /* Task_ListTests.swift */ = {isa = PBXFileReference; lastKnownFileType = sourcecode.swift; path = Task_ListTests.swift; sourceTree = "<group>"; };
		1D2B9C512BB0A1E300EF13A1 /* Task ListUITests.xctest */ = {isa = PBXFileReference; explicitFileType = wrapper.cfbundle; includeInIndex = 0; path = "Task ListUITests.xctest"; sourceTree = BUILT_PRODUCTS_DIR; };
		1D2B9C552BB0A1E300EF13A1 /* Task_ListUITests.swift */ = {isa = PBXFileReference; lastKnownFileType = sourcecode.swift; path = Task_ListUITests.swift; sourceTree = "<group>"; };
		1D2B9C572BB0A1E300EF13A1 /* Task_ListUITestsLaunchTests.swift */ = {isa = PBXFileReference; lastKnownFileType = sourcecode.swift; path = Task_ListUITestsLaunchTests.swift; sourceTree = "<group>"; };
		1D521D4E2BB0BE06006EBE89 /* CompletionButton.swift */ = {isa = PBXFileReference; lastKnownFileType = sourcecode.swift; path = CompletionButton.swift; sourceTree = "<group>"; };
		1DA8A36A2BB36D6B00BD8DA3 /* TaskView.swift */ = {isa = PBXFileReference; fileEncoding = 4; lastKnownFileType = sourcecode.swift; path = TaskView.swift; sourceTree = "<group>"; };
		1DA991AB2BB0A6CA0019FF1D /* Task.swift */ = {isa = PBXFileReference; lastKnownFileType = sourcecode.swift; path = Task.swift; sourceTree = "<group>"; };
		1DA991AD2BB0ACC20019FF1D /* TaskStore.swift */ = {isa = PBXFileReference; lastKnownFileType = sourcecode.swift; path = TaskStore.swift; sourceTree = "<group>"; };
		1DA991AF2BB0AF2D0019FF1D /* TaskRow.swift */ = {isa = PBXFileReference; lastKnownFileType = sourcecode.swift; path = TaskRow.swift; sourceTree = "<group>"; };
		1DBF2B182BB33E9800C15692 /* Constants.swift */ = {isa = PBXFileReference; lastKnownFileType = sourcecode.swift; path = Constants.swift; sourceTree = "<group>"; };
		1DF133B62BB3574900AE65BB /* NewTaskButton.swift */ = {isa = PBXFileReference; fileEncoding = 4; lastKnownFileType = sourcecode.swift; path = NewTaskButton.swift; sourceTree = "<group>"; };
		1DF133B82BB3653900AE65BB /* AddTask.swift */ = {isa = PBXFileReference; lastKnownFileType = sourcecode.swift; path = AddTask.swift; sourceTree = "<group>"; };
/* End PBXFileReference section */

/* Begin PBXFrameworksBuildPhase section */
		1D2B9C342BB0A1E100EF13A1 /* Frameworks */ = {
			isa = PBXFrameworksBuildPhase;
			buildActionMask = 2147483647;
			files = (
			);
			runOnlyForDeploymentPostprocessing = 0;
		};
		1D2B9C442BB0A1E300EF13A1 /* Frameworks */ = {
			isa = PBXFrameworksBuildPhase;
			buildActionMask = 2147483647;
			files = (
			);
			runOnlyForDeploymentPostprocessing = 0;
		};
		1D2B9C4E2BB0A1E300EF13A1 /* Frameworks */ = {
			isa = PBXFrameworksBuildPhase;
			buildActionMask = 2147483647;
			files = (
			);
			runOnlyForDeploymentPostprocessing = 0;
		};
/* End PBXFrameworksBuildPhase section */

/* Begin PBXGroup section */
		1D2B9C2E2BB0A1E100EF13A1 = {
			isa = PBXGroup;
			children = (
				1D2B9C392BB0A1E100EF13A1 /* Task List */,
				1D2B9C4A2BB0A1E300EF13A1 /* Task ListTests */,
				1D2B9C542BB0A1E300EF13A1 /* Task ListUITests */,
				1D2B9C382BB0A1E100EF13A1 /* Products */,
			);
			sourceTree = "<group>";
		};
		1D2B9C382BB0A1E100EF13A1 /* Products */ = {
			isa = PBXGroup;
			children = (
				1D2B9C372BB0A1E100EF13A1 /* Task List.app */,
				1D2B9C472BB0A1E300EF13A1 /* Task ListTests.xctest */,
				1D2B9C512BB0A1E300EF13A1 /* Task ListUITests.xctest */,
			);
			name = Products;
			sourceTree = "<group>";
		};
		1D2B9C392BB0A1E100EF13A1 /* Task List */ = {
			isa = PBXGroup;
			children = (
				1D2B9C3A2BB0A1E100EF13A1 /* Task_ListApp.swift */,
				1DA991AA2BB0A5540019FF1D /* Views */,
				1DA991A92BB0A5490019FF1D /* Models */,
				1D2B9C3E2BB0A1E300EF13A1 /* Assets.xcassets */,
				1D2B9C402BB0A1E300EF13A1 /* Preview Content */,
			);
			path = "Task List";
			sourceTree = "<group>";
		};
		1D2B9C402BB0A1E300EF13A1 /* Preview Content */ = {
			isa = PBXGroup;
			children = (
				1D2B9C412BB0A1E300EF13A1 /* Preview Assets.xcassets */,
			);
			path = "Preview Content";
			sourceTree = "<group>";
		};
		1D2B9C4A2BB0A1E300EF13A1 /* Task ListTests */ = {
			isa = PBXGroup;
			children = (
				1D2B9C4B2BB0A1E300EF13A1 /* Task_ListTests.swift */,
			);
			path = "Task ListTests";
			sourceTree = "<group>";
		};
		1D2B9C542BB0A1E300EF13A1 /* Task ListUITests */ = {
			isa = PBXGroup;
			children = (
				1D2B9C552BB0A1E300EF13A1 /* Task_ListUITests.swift */,
				1D2B9C572BB0A1E300EF13A1 /* Task_ListUITestsLaunchTests.swift */,
			);
			path = "Task ListUITests";
			sourceTree = "<group>";
		};
		1DA991A92BB0A5490019FF1D /* Models */ = {
			isa = PBXGroup;
			children = (
				1DA991AB2BB0A6CA0019FF1D /* Task.swift */,
				1DA991AD2BB0ACC20019FF1D /* TaskStore.swift */,
				1DBF2B182BB33E9800C15692 /* Constants.swift */,
			);
			path = Models;
			sourceTree = "<group>";
		};
		1DA991AA2BB0A5540019FF1D /* Views */ = {
			isa = PBXGroup;
			children = (
				1D2B9C3C2BB0A1E100EF13A1 /* TaskList.swift */,
				1DA991AF2BB0AF2D0019FF1D /* TaskRow.swift */,
				1D0B6DC92BB6345F006BC12F /* TaskViewButton.swift */,
				1D521D4E2BB0BE06006EBE89 /* CompletionButton.swift */,
				1DA8A36A2BB36D6B00BD8DA3 /* TaskView.swift */,
				1DF133B82BB3653900AE65BB /* AddTask.swift */,
				1DF133B62BB3574900AE65BB /* NewTaskButton.swift */,
			);
			path = Views;
			sourceTree = "<group>";
		};
/* End PBXGroup section */

/* Begin PBXNativeTarget section */
		1D2B9C362BB0A1E100EF13A1 /* Task List */ = {
			isa = PBXNativeTarget;
			buildConfigurationList = 1D2B9C5B2BB0A1E300EF13A1 /* Build configuration list for PBXNativeTarget "Task List" */;
			buildPhases = (
				1D2B9C332BB0A1E100EF13A1 /* Sources */,
				1D2B9C342BB0A1E100EF13A1 /* Frameworks */,
				1D2B9C352BB0A1E100EF13A1 /* Resources */,
			);
			buildRules = (
			);
			dependencies = (
			);
			name = "Task List";
			productName = "Task List";
			productReference = 1D2B9C372BB0A1E100EF13A1 /* Task List.app */;
			productType = "com.apple.product-type.application";
		};
		1D2B9C462BB0A1E300EF13A1 /* Task ListTests */ = {
			isa = PBXNativeTarget;
			buildConfigurationList = 1D2B9C5E2BB0A1E300EF13A1 /* Build configuration list for PBXNativeTarget "Task ListTests" */;
			buildPhases = (
				1D2B9C432BB0A1E300EF13A1 /* Sources */,
				1D2B9C442BB0A1E300EF13A1 /* Frameworks */,
				1D2B9C452BB0A1E300EF13A1 /* Resources */,
			);
			buildRules = (
			);
			dependencies = (
				1D2B9C492BB0A1E300EF13A1 /* PBXTargetDependency */,
			);
			name = "Task ListTests";
			productName = "Task ListTests";
			productReference = 1D2B9C472BB0A1E300EF13A1 /* Task ListTests.xctest */;
			productType = "com.apple.product-type.bundle.unit-test";
		};
		1D2B9C502BB0A1E300EF13A1 /* Task ListUITests */ = {
			isa = PBXNativeTarget;
			buildConfigurationList = 1D2B9C612BB0A1E300EF13A1 /* Build configuration list for PBXNativeTarget "Task ListUITests" */;
			buildPhases = (
				1D2B9C4D2BB0A1E300EF13A1 /* Sources */,
				1D2B9C4E2BB0A1E300EF13A1 /* Frameworks */,
				1D2B9C4F2BB0A1E300EF13A1 /* Resources */,
			);
			buildRules = (
			);
			dependencies = (
				1D2B9C532BB0A1E300EF13A1 /* PBXTargetDependency */,
			);
			name = "Task ListUITests";
			productName = "Task ListUITests";
			productReference = 1D2B9C512BB0A1E300EF13A1 /* Task ListUITests.xctest */;
			productType = "com.apple.product-type.bundle.ui-testing";
		};
/* End PBXNativeTarget section */

/* Begin PBXProject section */
		1D2B9C2F2BB0A1E100EF13A1 /* Project object */ = {
			isa = PBXProject;
			attributes = {
				BuildIndependentTargetsInParallel = 1;
				LastSwiftUpdateCheck = 1520;
				LastUpgradeCheck = 1520;
				TargetAttributes = {
					1D2B9C362BB0A1E100EF13A1 = {
						CreatedOnToolsVersion = 15.2;
					};
					1D2B9C462BB0A1E300EF13A1 = {
						CreatedOnToolsVersion = 15.2;
						TestTargetID = 1D2B9C362BB0A1E100EF13A1;
					};
					1D2B9C502BB0A1E300EF13A1 = {
						CreatedOnToolsVersion = 15.2;
						TestTargetID = 1D2B9C362BB0A1E100EF13A1;
					};
				};
			};
			buildConfigurationList = 1D2B9C322BB0A1E100EF13A1 /* Build configuration list for PBXProject "Task List" */;
			compatibilityVersion = "Xcode 14.0";
			developmentRegion = en;
			hasScannedForEncodings = 0;
			knownRegions = (
				en,
				Base,
			);
			mainGroup = 1D2B9C2E2BB0A1E100EF13A1;
			productRefGroup = 1D2B9C382BB0A1E100EF13A1 /* Products */;
			projectDirPath = "";
			projectRoot = "";
			targets = (
				1D2B9C362BB0A1E100EF13A1 /* Task List */,
				1D2B9C462BB0A1E300EF13A1 /* Task ListTests */,
				1D2B9C502BB0A1E300EF13A1 /* Task ListUITests */,
			);
		};
/* End PBXProject section */

/* Begin PBXResourcesBuildPhase section */
		1D2B9C352BB0A1E100EF13A1 /* Resources */ = {
			isa = PBXResourcesBuildPhase;
			buildActionMask = 2147483647;
			files = (
				1D2B9C422BB0A1E300EF13A1 /* Preview Assets.xcassets in Resources */,
				1D2B9C3F2BB0A1E300EF13A1 /* Assets.xcassets in Resources */,
			);
			runOnlyForDeploymentPostprocessing = 0;
		};
		1D2B9C452BB0A1E300EF13A1 /* Resources */ = {
			isa = PBXResourcesBuildPhase;
			buildActionMask = 2147483647;
			files = (
			);
			runOnlyForDeploymentPostprocessing = 0;
		};
		1D2B9C4F2BB0A1E300EF13A1 /* Resources */ = {
			isa = PBXResourcesBuildPhase;
			buildActionMask = 2147483647;
			files = (
			);
			runOnlyForDeploymentPostprocessing = 0;
		};
/* End PBXResourcesBuildPhase section */

/* Begin PBXSourcesBuildPhase section */
		1D2B9C332BB0A1E100EF13A1 /* Sources */ = {
			isa = PBXSourcesBuildPhase;
			buildActionMask = 2147483647;
			files = (
				1D521D4F2BB0BE06006EBE89 /* CompletionButton.swift in Sources */,
				1D2B9C3D2BB0A1E100EF13A1 /* TaskList.swift in Sources */,
				1DF133B92BB3653900AE65BB /* AddTask.swift in Sources */,
				1DA8A36B2BB36D6B00BD8DA3 /* TaskView.swift in Sources */,
				1DA991AC2BB0A6CA0019FF1D /* Task.swift in Sources */,
				1D0B6DCA2BB6345F006BC12F /* TaskViewButton.swift in Sources */,
				1DA991AE2BB0ACC20019FF1D /* TaskStore.swift in Sources */,
				1DBF2B192BB33E9800C15692 /* Constants.swift in Sources */,
				1DA991B02BB0AF2D0019FF1D /* TaskRow.swift in Sources */,
				1D2B9C3B2BB0A1E100EF13A1 /* Task_ListApp.swift in Sources */,
				1DF133B72BB3574900AE65BB /* NewTaskButton.swift in Sources */,
			);
			runOnlyForDeploymentPostprocessing = 0;
		};
		1D2B9C432BB0A1E300EF13A1 /* Sources */ = {
			isa = PBXSourcesBuildPhase;
			buildActionMask = 2147483647;
			files = (
				1D2B9C4C2BB0A1E300EF13A1 /* Task_ListTests.swift in Sources */,
			);
			runOnlyForDeploymentPostprocessing = 0;
		};
		1D2B9C4D2BB0A1E300EF13A1 /* Sources */ = {
			isa = PBXSourcesBuildPhase;
			buildActionMask = 2147483647;
			files = (
				1D2B9C562BB0A1E300EF13A1 /* Task_ListUITests.swift in Sources */,
				1D2B9C582BB0A1E300EF13A1 /* Task_ListUITestsLaunchTests.swift in Sources */,
			);
			runOnlyForDeploymentPostprocessing = 0;
		};
/* End PBXSourcesBuildPhase section */

/* Begin PBXTargetDependency section */
		1D2B9C492BB0A1E300EF13A1 /* PBXTargetDependency */ = {
			isa = PBXTargetDependency;
			target = 1D2B9C362BB0A1E100EF13A1 /* Task List */;
			targetProxy = 1D2B9C482BB0A1E300EF13A1 /* PBXContainerItemProxy */;
		};
		1D2B9C532BB0A1E300EF13A1 /* PBXTargetDependency */ = {
			isa = PBXTargetDependency;
			target = 1D2B9C362BB0A1E100EF13A1 /* Task List */;
			targetProxy = 1D2B9C522BB0A1E300EF13A1 /* PBXContainerItemProxy */;
		};
/* End PBXTargetDependency section */

/* Begin XCBuildConfiguration section */
		1D2B9C592BB0A1E300EF13A1 /* Debug */ = {
			isa = XCBuildConfiguration;
			buildSettings = {
				ALWAYS_SEARCH_USER_PATHS = NO;
				ASSETCATALOG_COMPILER_GENERATE_SWIFT_ASSET_SYMBOL_EXTENSIONS = YES;
				CLANG_ANALYZER_NONNULL = YES;
				CLANG_ANALYZER_NUMBER_OBJECT_CONVERSION = YES_AGGRESSIVE;
				CLANG_CXX_LANGUAGE_STANDARD = "gnu++20";
				CLANG_ENABLE_MODULES = YES;
				CLANG_ENABLE_OBJC_ARC = YES;
				CLANG_ENABLE_OBJC_WEAK = YES;
				CLANG_WARN_BLOCK_CAPTURE_AUTORELEASING = YES;
				CLANG_WARN_BOOL_CONVERSION = YES;
				CLANG_WARN_COMMA = YES;
				CLANG_WARN_CONSTANT_CONVERSION = YES;
				CLANG_WARN_DEPRECATED_OBJC_IMPLEMENTATIONS = YES;
				CLANG_WARN_DIRECT_OBJC_ISA_USAGE = YES_ERROR;
				CLANG_WARN_DOCUMENTATION_COMMENTS = YES;
				CLANG_WARN_EMPTY_BODY = YES;
				CLANG_WARN_ENUM_CONVERSION = YES;
				CLANG_WARN_INFINITE_RECURSION = YES;
				CLANG_WARN_INT_CONVERSION = YES;
				CLANG_WARN_NON_LITERAL_NULL_CONVERSION = YES;
				CLANG_WARN_OBJC_IMPLICIT_RETAIN_SELF = YES;
				CLANG_WARN_OBJC_LITERAL_CONVERSION = YES;
				CLANG_WARN_OBJC_ROOT_CLASS = YES_ERROR;
				CLANG_WARN_QUOTED_INCLUDE_IN_FRAMEWORK_HEADER = YES;
				CLANG_WARN_RANGE_LOOP_ANALYSIS = YES;
				CLANG_WARN_STRICT_PROTOTYPES = YES;
				CLANG_WARN_SUSPICIOUS_MOVE = YES;
				CLANG_WARN_UNGUARDED_AVAILABILITY = YES_AGGRESSIVE;
				CLANG_WARN_UNREACHABLE_CODE = YES;
				CLANG_WARN__DUPLICATE_METHOD_MATCH = YES;
				COPY_PHASE_STRIP = NO;
				DEBUG_INFORMATION_FORMAT = dwarf;
				ENABLE_STRICT_OBJC_MSGSEND = YES;
				ENABLE_TESTABILITY = YES;
				ENABLE_USER_SCRIPT_SANDBOXING = YES;
				GCC_C_LANGUAGE_STANDARD = gnu17;
				GCC_DYNAMIC_NO_PIC = NO;
				GCC_NO_COMMON_BLOCKS = YES;
				GCC_OPTIMIZATION_LEVEL = 0;
				GCC_PREPROCESSOR_DEFINITIONS = (
					"DEBUG=1",
					"$(inherited)",
				);
				GCC_WARN_64_TO_32_BIT_CONVERSION = YES;
				GCC_WARN_ABOUT_RETURN_TYPE = YES_ERROR;
				GCC_WARN_UNDECLARED_SELECTOR = YES;
				GCC_WARN_UNINITIALIZED_AUTOS = YES_AGGRESSIVE;
				GCC_WARN_UNUSED_FUNCTION = YES;
				GCC_WARN_UNUSED_VARIABLE = YES;
				IPHONEOS_DEPLOYMENT_TARGET = 17.2;
				LOCALIZATION_PREFERS_STRING_CATALOGS = YES;
				MTL_ENABLE_DEBUG_INFO = INCLUDE_SOURCE;
				MTL_FAST_MATH = YES;
				ONLY_ACTIVE_ARCH = YES;
				SDKROOT = iphoneos;
				SWIFT_ACTIVE_COMPILATION_CONDITIONS = "DEBUG $(inherited)";
				SWIFT_OPTIMIZATION_LEVEL = "-Onone";
			};
			name = Debug;
		};
		1D2B9C5A2BB0A1E300EF13A1 /* Release */ = {
			isa = XCBuildConfiguration;
			buildSettings = {
				ALWAYS_SEARCH_USER_PATHS = NO;
				ASSETCATALOG_COMPILER_GENERATE_SWIFT_ASSET_SYMBOL_EXTENSIONS = YES;
				CLANG_ANALYZER_NONNULL = YES;
				CLANG_ANALYZER_NUMBER_OBJECT_CONVERSION = YES_AGGRESSIVE;
				CLANG_CXX_LANGUAGE_STANDARD = "gnu++20";
				CLANG_ENABLE_MODULES = YES;
				CLANG_ENABLE_OBJC_ARC = YES;
				CLANG_ENABLE_OBJC_WEAK = YES;
				CLANG_WARN_BLOCK_CAPTURE_AUTORELEASING = YES;
				CLANG_WARN_BOOL_CONVERSION = YES;
				CLANG_WARN_COMMA = YES;
				CLANG_WARN_CONSTANT_CONVERSION = YES;
				CLANG_WARN_DEPRECATED_OBJC_IMPLEMENTATIONS = YES;
				CLANG_WARN_DIRECT_OBJC_ISA_USAGE = YES_ERROR;
				CLANG_WARN_DOCUMENTATION_COMMENTS = YES;
				CLANG_WARN_EMPTY_BODY = YES;
				CLANG_WARN_ENUM_CONVERSION = YES;
				CLANG_WARN_INFINITE_RECURSION = YES;
				CLANG_WARN_INT_CONVERSION = YES;
				CLANG_WARN_NON_LITERAL_NULL_CONVERSION = YES;
				CLANG_WARN_OBJC_IMPLICIT_RETAIN_SELF = YES;
				CLANG_WARN_OBJC_LITERAL_CONVERSION = YES;
				CLANG_WARN_OBJC_ROOT_CLASS = YES_ERROR;
				CLANG_WARN_QUOTED_INCLUDE_IN_FRAMEWORK_HEADER = YES;
				CLANG_WARN_RANGE_LOOP_ANALYSIS = YES;
				CLANG_WARN_STRICT_PROTOTYPES = YES;
				CLANG_WARN_SUSPICIOUS_MOVE = YES;
				CLANG_WARN_UNGUARDED_AVAILABILITY = YES_AGGRESSIVE;
				CLANG_WARN_UNREACHABLE_CODE = YES;
				CLANG_WARN__DUPLICATE_METHOD_MATCH = YES;
				COPY_PHASE_STRIP = NO;
				DEBUG_INFORMATION_FORMAT = "dwarf-with-dsym";
				ENABLE_NS_ASSERTIONS = NO;
				ENABLE_STRICT_OBJC_MSGSEND = YES;
				ENABLE_USER_SCRIPT_SANDBOXING = YES;
				GCC_C_LANGUAGE_STANDARD = gnu17;
				GCC_NO_COMMON_BLOCKS = YES;
				GCC_WARN_64_TO_32_BIT_CONVERSION = YES;
				GCC_WARN_ABOUT_RETURN_TYPE = YES_ERROR;
				GCC_WARN_UNDECLARED_SELECTOR = YES;
				GCC_WARN_UNINITIALIZED_AUTOS = YES_AGGRESSIVE;
				GCC_WARN_UNUSED_FUNCTION = YES;
				GCC_WARN_UNUSED_VARIABLE = YES;
				IPHONEOS_DEPLOYMENT_TARGET = 17.2;
				LOCALIZATION_PREFERS_STRING_CATALOGS = YES;
				MTL_ENABLE_DEBUG_INFO = NO;
				MTL_FAST_MATH = YES;
				SDKROOT = iphoneos;
				SWIFT_COMPILATION_MODE = wholemodule;
				VALIDATE_PRODUCT = YES;
			};
			name = Release;
		};
		1D2B9C5C2BB0A1E300EF13A1 /* Debug */ = {
			isa = XCBuildConfiguration;
			buildSettings = {
				ASSETCATALOG_COMPILER_APPICON_NAME = AppIcon;
				ASSETCATALOG_COMPILER_GLOBAL_ACCENT_COLOR_NAME = AccentColor;
				CODE_SIGN_STYLE = Automatic;
				CURRENT_PROJECT_VERSION = 1;
				DEVELOPMENT_ASSET_PATHS = "\"Task List/Preview Content\"";
				DEVELOPMENT_TEAM = C359E2V4B3;
				ENABLE_PREVIEWS = YES;
				GENERATE_INFOPLIST_FILE = YES;
				INFOPLIST_KEY_UIApplicationSceneManifest_Generation = YES;
				INFOPLIST_KEY_UIApplicationSupportsIndirectInputEvents = YES;
				INFOPLIST_KEY_UILaunchScreen_Generation = YES;
				INFOPLIST_KEY_UISupportedInterfaceOrientations_iPad = "UIInterfaceOrientationPortrait UIInterfaceOrientationPortraitUpsideDown UIInterfaceOrientationLandscapeLeft UIInterfaceOrientationLandscapeRight";
				INFOPLIST_KEY_UISupportedInterfaceOrientations_iPhone = "UIInterfaceOrientationPortrait UIInterfaceOrientationLandscapeLeft UIInterfaceOrientationLandscapeRight";
				LD_RUNPATH_SEARCH_PATHS = (
					"$(inherited)",
					"@executable_path/Frameworks",
				);
				MARKETING_VERSION = 1.0;
				PRODUCT_BUNDLE_IDENTIFIER = "com.jakesmolowe.Task-List";
				PRODUCT_NAME = "$(TARGET_NAME)";
				SWIFT_EMIT_LOC_STRINGS = YES;
				SWIFT_VERSION = 5.0;
				TARGETED_DEVICE_FAMILY = "1,2";
			};
			name = Debug;
		};
		1D2B9C5D2BB0A1E300EF13A1 /* Release */ = {
			isa = XCBuildConfiguration;
			buildSettings = {
				ASSETCATALOG_COMPILER_APPICON_NAME = AppIcon;
				ASSETCATALOG_COMPILER_GLOBAL_ACCENT_COLOR_NAME = AccentColor;
				CODE_SIGN_STYLE = Automatic;
				CURRENT_PROJECT_VERSION = 1;
				DEVELOPMENT_ASSET_PATHS = "\"Task List/Preview Content\"";
				DEVELOPMENT_TEAM = C359E2V4B3;
				ENABLE_PREVIEWS = YES;
				GENERATE_INFOPLIST_FILE = YES;
				INFOPLIST_KEY_UIApplicationSceneManifest_Generation = YES;
				INFOPLIST_KEY_UIApplicationSupportsIndirectInputEvents = YES;
				INFOPLIST_KEY_UILaunchScreen_Generation = YES;
				INFOPLIST_KEY_UISupportedInterfaceOrientations_iPad = "UIInterfaceOrientationPortrait UIInterfaceOrientationPortraitUpsideDown UIInterfaceOrientationLandscapeLeft UIInterfaceOrientationLandscapeRight";
				INFOPLIST_KEY_UISupportedInterfaceOrientations_iPhone = "UIInterfaceOrientationPortrait UIInterfaceOrientationLandscapeLeft UIInterfaceOrientationLandscapeRight";
				LD_RUNPATH_SEARCH_PATHS = (
					"$(inherited)",
					"@executable_path/Frameworks",
				);
				MARKETING_VERSION = 1.0;
				PRODUCT_BUNDLE_IDENTIFIER = "com.jakesmolowe.Task-List";
				PRODUCT_NAME = "$(TARGET_NAME)";
				SWIFT_EMIT_LOC_STRINGS = YES;
				SWIFT_VERSION = 5.0;
				TARGETED_DEVICE_FAMILY = "1,2";
			};
			name = Release;
		};
		1D2B9C5F2BB0A1E300EF13A1 /* Debug */ = {
			isa = XCBuildConfiguration;
			buildSettings = {
				ALWAYS_EMBED_SWIFT_STANDARD_LIBRARIES = YES;
				BUNDLE_LOADER = "$(TEST_HOST)";
				CODE_SIGN_STYLE = Automatic;
				CURRENT_PROJECT_VERSION = 1;
				DEVELOPMENT_TEAM = C359E2V4B3;
				GENERATE_INFOPLIST_FILE = YES;
				IPHONEOS_DEPLOYMENT_TARGET = 17.2;
				MARKETING_VERSION = 1.0;
				PRODUCT_BUNDLE_IDENTIFIER = "com.jakesmolowe.Task-ListTests";
				PRODUCT_NAME = "$(TARGET_NAME)";
				SWIFT_EMIT_LOC_STRINGS = NO;
				SWIFT_VERSION = 5.0;
				TARGETED_DEVICE_FAMILY = "1,2";
				TEST_HOST = "$(BUILT_PRODUCTS_DIR)/Task List.app/$(BUNDLE_EXECUTABLE_FOLDER_PATH)/Task List";
			};
			name = Debug;
		};
		1D2B9C602BB0A1E300EF13A1 /* Release */ = {
			isa = XCBuildConfiguration;
			buildSettings = {
				ALWAYS_EMBED_SWIFT_STANDARD_LIBRARIES = YES;
				BUNDLE_LOADER = "$(TEST_HOST)";
				CODE_SIGN_STYLE = Automatic;
				CURRENT_PROJECT_VERSION = 1;
				DEVELOPMENT_TEAM = C359E2V4B3;
				GENERATE_INFOPLIST_FILE = YES;
				IPHONEOS_DEPLOYMENT_TARGET = 17.2;
				MARKETING_VERSION = 1.0;
				PRODUCT_BUNDLE_IDENTIFIER = "com.jakesmolowe.Task-ListTests";
				PRODUCT_NAME = "$(TARGET_NAME)";
				SWIFT_EMIT_LOC_STRINGS = NO;
				SWIFT_VERSION = 5.0;
				TARGETED_DEVICE_FAMILY = "1,2";
				TEST_HOST = "$(BUILT_PRODUCTS_DIR)/Task List.app/$(BUNDLE_EXECUTABLE_FOLDER_PATH)/Task List";
			};
			name = Release;
		};
		1D2B9C622BB0A1E300EF13A1 /* Debug */ = {
			isa = XCBuildConfiguration;
			buildSettings = {
				ALWAYS_EMBED_SWIFT_STANDARD_LIBRARIES = YES;
				CODE_SIGN_STYLE = Automatic;
				CURRENT_PROJECT_VERSION = 1;
				DEVELOPMENT_TEAM = C359E2V4B3;
				GENERATE_INFOPLIST_FILE = YES;
				MARKETING_VERSION = 1.0;
				PRODUCT_BUNDLE_IDENTIFIER = "com.jakesmolowe.Task-ListUITests";
				PRODUCT_NAME = "$(TARGET_NAME)";
				SWIFT_EMIT_LOC_STRINGS = NO;
				SWIFT_VERSION = 5.0;
				TARGETED_DEVICE_FAMILY = "1,2";
				TEST_TARGET_NAME = "Task List";
			};
			name = Debug;
		};
		1D2B9C632BB0A1E300EF13A1 /* Release */ = {
			isa = XCBuildConfiguration;
			buildSettings = {
				ALWAYS_EMBED_SWIFT_STANDARD_LIBRARIES = YES;
				CODE_SIGN_STYLE = Automatic;
				CURRENT_PROJECT_VERSION = 1;
				DEVELOPMENT_TEAM = C359E2V4B3;
				GENERATE_INFOPLIST_FILE = YES;
				MARKETING_VERSION = 1.0;
				PRODUCT_BUNDLE_IDENTIFIER = "com.jakesmolowe.Task-ListUITests";
				PRODUCT_NAME = "$(TARGET_NAME)";
				SWIFT_EMIT_LOC_STRINGS = NO;
				SWIFT_VERSION = 5.0;
				TARGETED_DEVICE_FAMILY = "1,2";
				TEST_TARGET_NAME = "Task List";
			};
			name = Release;
		};
/* End XCBuildConfiguration section */

/* Begin XCConfigurationList section */
		1D2B9C322BB0A1E100EF13A1 /* Build configuration list for PBXProject "Task List" */ = {
			isa = XCConfigurationList;
			buildConfigurations = (
				1D2B9C592BB0A1E300EF13A1 /* Debug */,
				1D2B9C5A2BB0A1E300EF13A1 /* Release */,
			);
			defaultConfigurationIsVisible = 0;
			defaultConfigurationName = Release;
		};
		1D2B9C5B2BB0A1E300EF13A1 /* Build configuration list for PBXNativeTarget "Task List" */ = {
			isa = XCConfigurationList;
			buildConfigurations = (
				1D2B9C5C2BB0A1E300EF13A1 /* Debug */,
				1D2B9C5D2BB0A1E300EF13A1 /* Release */,
			);
			defaultConfigurationIsVisible = 0;
			defaultConfigurationName = Release;
		};
		1D2B9C5E2BB0A1E300EF13A1 /* Build configuration list for PBXNativeTarget "Task ListTests" */ = {
			isa = XCConfigurationList;
			buildConfigurations = (
				1D2B9C5F2BB0A1E300EF13A1 /* Debug */,
				1D2B9C602BB0A1E300EF13A1 /* Release */,
			);
			defaultConfigurationIsVisible = 0;
			defaultConfigurationName = Release;
		};
		1D2B9C612BB0A1E300EF13A1 /* Build configuration list for PBXNativeTarget "Task ListUITests" */ = {
			isa = XCConfigurationList;
			buildConfigurations = (
				1D2B9C622BB0A1E300EF13A1 /* Debug */,
				1D2B9C632BB0A1E300EF13A1 /* Release */,
			);
			defaultConfigurationIsVisible = 0;
			defaultConfigurationName = Release;
		};
/* End XCConfigurationList section */
	};
	rootObject = 1D2B9C2F2BB0A1E100EF13A1 /* Project object */;
}
